dependencies:
- name: prysm
  repository: https://ethpandaops.github.io/ethereum-helm-charts
  version: 1.0.1
- name: geth
  repository: https://ethpandaops.github.io/ethereum-helm-charts
  version: 0.3.4
digest: sha256:107ec3182561b7673ae8b15908c86fa5696a4305f57121ec49d6317e5514610e
generated: "2023-03-02T01:04:54.915209396Z"
