dependencies:
- name: mongodb
  repository: https://charts.bitnami.com/bitnami
  version: 13.8.1
- name: blobscan
  repository: https://ethpandaops.github.io/ethereum-helm-charts
  version: 0.1.0
- name: blobscan-indexer
  repository: https://ethpandaops.github.io/ethereum-helm-charts
  version: 0.1.0
digest: sha256:ced9bb2d882e3f2cab21104108bd2087dc90c1e24ecefd5ef4f534224f044644
generated: "2023-03-14T00:55:09.171190807Z"
